// !$*UTF8*$!
{
	archiveVersion = 1;
	classes = {
	};
	objectVersion = 56;
	objects = {

/* Begin PBXBuildFile section */
		8B2C6BCB28E9C44000134D0D /* WelcomeViewController.swift in Sources */ = {isa = PBXBuildFile; fileRef = 8B2C6BCA28E9C44000134D0D /* WelcomeViewController.swift */; };
		8B31E6F028E997F5005B36B2 /* AppDelegate.swift in Sources */ = {isa = PBXBuildFile; fileRef = 8B31E6EF28E997F5005B36B2 /* AppDelegate.swift */; };
		8B31E6F228E997F5005B36B2 /* SceneDelegate.swift in Sources */ = {isa = PBXBuildFile; fileRef = 8B31E6F128E997F5005B36B2 /* SceneDelegate.swift */; };
		8B31E6F428E997F5005B36B2 /* LoginViewController.swift in Sources */ = {isa = PBXBuildFile; fileRef = 8B31E6F328E997F5005B36B2 /* LoginViewController.swift */; };
		8B31E6F728E997F5005B36B2 /* Main.storyboard in Resources */ = {isa = PBXBuildFile; fileRef = 8B31E6F528E997F5005B36B2 /* Main.storyboard */; };
		8B31E6F928E997F6005B36B2 /* Assets.xcassets in Resources */ = {isa = PBXBuildFile; fileRef = 8B31E6F828E997F6005B36B2 /* Assets.xcassets */; };
		8B31E6FC28E997F6005B36B2 /* LaunchScreen.storyboard in Resources */ = {isa = PBXBuildFile; fileRef = 8B31E6FA28E997F6005B36B2 /* LaunchScreen.storyboard */; };
		8BFAF5C628ED9AF800CA0C80 /* AboutMyselfViewController.swift in Sources */ = {isa = PBXBuildFile; fileRef = 8BFAF5C528ED9AF800CA0C80 /* AboutMyselfViewController.swift */; };
		8BFAF5C828ED9B2300CA0C80 /* AboutMyHomeViewController.swift in Sources */ = {isa = PBXBuildFile; fileRef = 8BFAF5C728ED9B2300CA0C80 /* AboutMyHomeViewController.swift */; };
		8BFAF5CA28ED9B3D00CA0C80 /* AboutMyLifeViewController.swift in Sources */ = {isa = PBXBuildFile; fileRef = 8BFAF5C928ED9B3D00CA0C80 /* AboutMyLifeViewController.swift */; };
		8BFAF5CC28EDA27800CA0C80 /* BioViewController.swift in Sources */ = {isa = PBXBuildFile; fileRef = 8BFAF5CB28EDA27800CA0C80 /* BioViewController.swift */; };
/* End PBXBuildFile section */

/* Begin PBXFileReference section */
		8B2C6BCA28E9C44000134D0D /* WelcomeViewController.swift */ = {isa = PBXFileReference; lastKnownFileType = sourcecode.swift; path = WelcomeViewController.swift; sourceTree = "<group>"; };
		8B31E6EC28E997F5005B36B2 /* LoginApp.app */ = {isa = PBXFileReference; explicitFileType = wrapper.application; includeInIndex = 0; path = LoginApp.app; sourceTree = BUILT_PRODUCTS_DIR; };
		8B31E6EF28E997F5005B36B2 /* AppDelegate.swift */ = {isa = PBXFileReference; lastKnownFileType = sourcecode.swift; path = AppDelegate.swift; sourceTree = "<group>"; };
		8B31E6F128E997F5005B36B2 /* SceneDelegate.swift */ = {isa = PBXFileReference; lastKnownFileType = sourcecode.swift; path = SceneDelegate.swift; sourceTree = "<group>"; };
		8B31E6F328E997F5005B36B2 /* LoginViewController.swift */ = {isa = PBXFileReference; lastKnownFileType = sourcecode.swift; path = LoginViewController.swift; sourceTree = "<group>"; };
		8B31E6F628E997F5005B36B2 /* Base */ = {isa = PBXFileReference; lastKnownFileType = file.storyboard; name = Base; path = Base.lproj/Main.storyboard; sourceTree = "<group>"; };
		8B31E6F828E997F6005B36B2 /* Assets.xcassets */ = {isa = PBXFileReference; lastKnownFileType = folder.assetcatalog; path = Assets.xcassets; sourceTree = "<group>"; };
		8B31E6FB28E997F6005B36B2 /* Base */ = {isa = PBXFileReference; lastKnownFileType = file.storyboard; name = Base; path = Base.lproj/LaunchScreen.storyboard; sourceTree = "<group>"; };
		8B31E6FD28E997F6005B36B2 /* Info.plist */ = {isa = PBXFileReference; lastKnownFileType = text.plist.xml; path = Info.plist; sourceTree = "<group>"; };
		8BFAF5C528ED9AF800CA0C80 /* AboutMyselfViewController.swift */ = {isa = PBXFileReference; lastKnownFileType = sourcecode.swift; path = AboutMyselfViewController.swift; sourceTree = "<group>"; };
		8BFAF5C728ED9B2300CA0C80 /* AboutMyHomeViewController.swift */ = {isa = PBXFileReference; lastKnownFileType = sourcecode.swift; path = AboutMyHomeViewController.swift; sourceTree = "<group>"; };
		8BFAF5C928ED9B3D00CA0C80 /* AboutMyLifeViewController.swift */ = {isa = PBXFileReference; lastKnownFileType = sourcecode.swift; path = AboutMyLifeViewController.swift; sourceTree = "<group>"; };
		8BFAF5CB28EDA27800CA0C80 /* BioViewController.swift */ = {isa = PBXFileReference; lastKnownFileType = sourcecode.swift; path = BioViewController.swift; sourceTree = "<group>"; };
/* End PBXFileReference section */

/* Begin PBXFrameworksBuildPhase section */
		8B31E6E928E997F5005B36B2 /* Frameworks */ = {
			isa = PBXFrameworksBuildPhase;
			buildActionMask = 2147483647;
			files = (
			);
			runOnlyForDeploymentPostprocessing = 0;
		};
/* End PBXFrameworksBuildPhase section */

/* Begin PBXGroup section */
		8B31E6E328E997F5005B36B2 = {
			isa = PBXGroup;
			children = (
				8B31E6EE28E997F5005B36B2 /* LoginApp */,
				8B31E6ED28E997F5005B36B2 /* Products */,
			);
			sourceTree = "<group>";
		};
		8B31E6ED28E997F5005B36B2 /* Products */ = {
			isa = PBXGroup;
			children = (
				8B31E6EC28E997F5005B36B2 /* LoginApp.app */,
			);
			name = Products;
			sourceTree = "<group>";
		};
		8B31E6EE28E997F5005B36B2 /* LoginApp */ = {
			isa = PBXGroup;
			children = (
				8BC3B65C28EC5F67002EA220 /* Models */,
				8BC3B65928EC5EC1002EA220 /* ViewControllers */,
				8BC3B65A28EC5F08002EA220 /* StoryBoards */,
				8BC3B65828EC5E5F002EA220 /* App */,
				8B31E6F828E997F6005B36B2 /* Assets.xcassets */,
			);
			path = LoginApp;
			sourceTree = "<group>";
		};
		8BC3B65828EC5E5F002EA220 /* App */ = {
			isa = PBXGroup;
			children = (
				8B31E6EF28E997F5005B36B2 /* AppDelegate.swift */,
				8B31E6F128E997F5005B36B2 /* SceneDelegate.swift */,
				8B31E6FD28E997F6005B36B2 /* Info.plist */,
			);
			path = App;
			sourceTree = "<group>";
		};
		8BC3B65928EC5EC1002EA220 /* ViewControllers */ = {
			isa = PBXGroup;
			children = (
				8B31E6F328E997F5005B36B2 /* LoginViewController.swift */,
				8B2C6BCA28E9C44000134D0D /* WelcomeViewController.swift */,
				8BFAF5C528ED9AF800CA0C80 /* AboutMyselfViewController.swift */,
				8BFAF5C728ED9B2300CA0C80 /* AboutMyHomeViewController.swift */,
				8BFAF5C928ED9B3D00CA0C80 /* AboutMyLifeViewController.swift */,
				8BFAF5CB28EDA27800CA0C80 /* BioViewController.swift */,
			);
			path = ViewControllers;
			sourceTree = "<group>";
		};
		8BC3B65A28EC5F08002EA220 /* StoryBoards */ = {
			isa = PBXGroup;
			children = (
				8B31E6F528E997F5005B36B2 /* Main.storyboard */,
				8B31E6FA28E997F6005B36B2 /* LaunchScreen.storyboard */,
			);
			path = StoryBoards;
			sourceTree = "<group>";
		};
		8BC3B65C28EC5F67002EA220 /* Models */ = {
			isa = PBXGroup;
			children = (
			);
			path = Models;
			sourceTree = "<group>";
		};
/* End PBXGroup section */

/* Begin PBXNativeTarget section */
		8B31E6EB28E997F5005B36B2 /* LoginApp */ = {
			isa = PBXNativeTarget;
			buildConfigurationList = 8B31E70028E997F6005B36B2 /* Build configuration list for PBXNativeTarget "LoginApp" */;
			buildPhases = (
				8B31E6E828E997F5005B36B2 /* Sources */,
				8B31E6E928E997F5005B36B2 /* Frameworks */,
				8B31E6EA28E997F5005B36B2 /* Resources */,
			);
			buildRules = (
			);
			dependencies = (
			);
			name = LoginApp;
			productName = LoginApp;
			productReference = 8B31E6EC28E997F5005B36B2 /* LoginApp.app */;
			productType = "com.apple.product-type.application";
		};
/* End PBXNativeTarget section */

/* Begin PBXProject section */
		8B31E6E428E997F5005B36B2 /* Project object */ = {
			isa = PBXProject;
			attributes = {
				BuildIndependentTargetsInParallel = 1;
				LastSwiftUpdateCheck = 1400;
				LastUpgradeCheck = 1400;
				TargetAttributes = {
					8B31E6EB28E997F5005B36B2 = {
						CreatedOnToolsVersion = 14.0;
					};
				};
			};
			buildConfigurationList = 8B31E6E728E997F5005B36B2 /* Build configuration list for PBXProject "LoginApp" */;
			compatibilityVersion = "Xcode 14.0";
			developmentRegion = en;
			hasScannedForEncodings = 0;
			knownRegions = (
				en,
				Base,
			);
			mainGroup = 8B31E6E328E997F5005B36B2;
			productRefGroup = 8B31E6ED28E997F5005B36B2 /* Products */;
			projectDirPath = "";
			projectRoot = "";
			targets = (
				8B31E6EB28E997F5005B36B2 /* LoginApp */,
			);
		};
/* End PBXProject section */

/* Begin PBXResourcesBuildPhase section */
		8B31E6EA28E997F5005B36B2 /* Resources */ = {
			isa = PBXResourcesBuildPhase;
			buildActionMask = 2147483647;
			files = (
				8B31E6FC28E997F6005B36B2 /* LaunchScreen.storyboard in Resources */,
				8B31E6F928E997F6005B36B2 /* Assets.xcassets in Resources */,
				8B31E6F728E997F5005B36B2 /* Main.storyboard in Resources */,
			);
			runOnlyForDeploymentPostprocessing = 0;
		};
/* End PBXResourcesBuildPhase section */

/* Begin PBXSourcesBuildPhase section */
		8B31E6E828E997F5005B36B2 /* Sources */ = {
			isa = PBXSourcesBuildPhase;
			buildActionMask = 2147483647;
			files = (
				8BFAF5CA28ED9B3D00CA0C80 /* AboutMyLifeViewController.swift in Sources */,
				8B31E6F428E997F5005B36B2 /* LoginViewController.swift in Sources */,
				8B31E6F028E997F5005B36B2 /* AppDelegate.swift in Sources */,
				8BFAF5CC28EDA27800CA0C80 /* BioViewController.swift in Sources */,
				8BFAF5C628ED9AF800CA0C80 /* AboutMyselfViewController.swift in Sources */,
				8B31E6F228E997F5005B36B2 /* SceneDelegate.swift in Sources */,
				8B2C6BCB28E9C44000134D0D /* WelcomeViewController.swift in Sources */,
				8BFAF5C828ED9B2300CA0C80 /* AboutMyHomeViewController.swift in Sources */,
			);
			runOnlyForDeploymentPostprocessing = 0;
		};
/* End PBXSourcesBuildPhase section */

/* Begin PBXVariantGroup section */
		8B31E6F528E997F5005B36B2 /* Main.storyboard */ = {
			isa = PBXVariantGroup;
			children = (
				8B31E6F628E997F5005B36B2 /* Base */,
			);
			name = Main.storyboard;
			sourceTree = "<group>";
		};
		8B31E6FA28E997F6005B36B2 /* LaunchScreen.storyboard */ = {
			isa = PBXVariantGroup;
			children = (
				8B31E6FB28E997F6005B36B2 /* Base */,
			);
			name = LaunchScreen.storyboard;
			sourceTree = "<group>";
		};
/* End PBXVariantGroup section */

/* Begin XCBuildConfiguration section */
		8B31E6FE28E997F6005B36B2 /* Debug */ = {
			isa = XCBuildConfiguration;
			buildSettings = {
				ALWAYS_SEARCH_USER_PATHS = NO;
				CLANG_ANALYZER_NONNULL = YES;
				CLANG_ANALYZER_NUMBER_OBJECT_CONVERSION = YES_AGGRESSIVE;
				CLANG_CXX_LANGUAGE_STANDARD = "gnu++20";
				CLANG_ENABLE_MODULES = YES;
				CLANG_ENABLE_OBJC_ARC = YES;
				CLANG_ENABLE_OBJC_WEAK = YES;
				CLANG_WARN_BLOCK_CAPTURE_AUTORELEASING = YES;
				CLANG_WARN_BOOL_CONVERSION = YES;
				CLANG_WARN_COMMA = YES;
				CLANG_WARN_CONSTANT_CONVERSION = YES;
				CLANG_WARN_DEPRECATED_OBJC_IMPLEMENTATIONS = YES;
				CLANG_WARN_DIRECT_OBJC_ISA_USAGE = YES_ERROR;
				CLANG_WARN_DOCUMENTATION_COMMENTS = YES;
				CLANG_WARN_EMPTY_BODY = YES;
				CLANG_WARN_ENUM_CONVERSION = YES;
				CLANG_WARN_INFINITE_RECURSION = YES;
				CLANG_WARN_INT_CONVERSION = YES;
				CLANG_WARN_NON_LITERAL_NULL_CONVERSION = YES;
				CLANG_WARN_OBJC_IMPLICIT_RETAIN_SELF = YES;
				CLANG_WARN_OBJC_LITERAL_CONVERSION = YES;
				CLANG_WARN_OBJC_ROOT_CLASS = YES_ERROR;
				CLANG_WARN_QUOTED_INCLUDE_IN_FRAMEWORK_HEADER = YES;
				CLANG_WARN_RANGE_LOOP_ANALYSIS = YES;
				CLANG_WARN_STRICT_PROTOTYPES = YES;
				CLANG_WARN_SUSPICIOUS_MOVE = YES;
				CLANG_WARN_UNGUARDED_AVAILABILITY = YES_AGGRESSIVE;
				CLANG_WARN_UNREACHABLE_CODE = YES;
				CLANG_WARN__DUPLICATE_METHOD_MATCH = YES;
				COPY_PHASE_STRIP = NO;
				DEBUG_INFORMATION_FORMAT = dwarf;
				ENABLE_STRICT_OBJC_MSGSEND = YES;
				ENABLE_TESTABILITY = YES;
				GCC_C_LANGUAGE_STANDARD = gnu11;
				GCC_DYNAMIC_NO_PIC = NO;
				GCC_NO_COMMON_BLOCKS = YES;
				GCC_OPTIMIZATION_LEVEL = 0;
				GCC_PREPROCESSOR_DEFINITIONS = (
					"DEBUG=1",
					"$(inherited)",
				);
				GCC_WARN_64_TO_32_BIT_CONVERSION = YES;
				GCC_WARN_ABOUT_RETURN_TYPE = YES_ERROR;
				GCC_WARN_UNDECLARED_SELECTOR = YES;
				GCC_WARN_UNINITIALIZED_AUTOS = YES_AGGRESSIVE;
				GCC_WARN_UNUSED_FUNCTION = YES;
				GCC_WARN_UNUSED_VARIABLE = YES;
				IPHONEOS_DEPLOYMENT_TARGET = 16.0;
				MTL_ENABLE_DEBUG_INFO = INCLUDE_SOURCE;
				MTL_FAST_MATH = YES;
				ONLY_ACTIVE_ARCH = YES;
				SDKROOT = iphoneos;
				SWIFT_ACTIVE_COMPILATION_CONDITIONS = DEBUG;
				SWIFT_OPTIMIZATION_LEVEL = "-Onone";
			};
			name = Debug;
		};
		8B31E6FF28E997F6005B36B2 /* Release */ = {
			isa = XCBuildConfiguration;
			buildSettings = {
				ALWAYS_SEARCH_USER_PATHS = NO;
				CLANG_ANALYZER_NONNULL = YES;
				CLANG_ANALYZER_NUMBER_OBJECT_CONVERSION = YES_AGGRESSIVE;
				CLANG_CXX_LANGUAGE_STANDARD = "gnu++20";
				CLANG_ENABLE_MODULES = YES;
				CLANG_ENABLE_OBJC_ARC = YES;
				CLANG_ENABLE_OBJC_WEAK = YES;
				CLANG_WARN_BLOCK_CAPTURE_AUTORELEASING = YES;
				CLANG_WARN_BOOL_CONVERSION = YES;
				CLANG_WARN_COMMA = YES;
				CLANG_WARN_CONSTANT_CONVERSION = YES;
				CLANG_WARN_DEPRECATED_OBJC_IMPLEMENTATIONS = YES;
				CLANG_WARN_DIRECT_OBJC_ISA_USAGE = YES_ERROR;
				CLANG_WARN_DOCUMENTATION_COMMENTS = YES;
				CLANG_WARN_EMPTY_BODY = YES;
				CLANG_WARN_ENUM_CONVERSION = YES;
				CLANG_WARN_INFINITE_RECURSION = YES;
				CLANG_WARN_INT_CONVERSION = YES;
				CLANG_WARN_NON_LITERAL_NULL_CONVERSION = YES;
				CLANG_WARN_OBJC_IMPLICIT_RETAIN_SELF = YES;
				CLANG_WARN_OBJC_LITERAL_CONVERSION = YES;
				CLANG_WARN_OBJC_ROOT_CLASS = YES_ERROR;
				CLANG_WARN_QUOTED_INCLUDE_IN_FRAMEWORK_HEADER = YES;
				CLANG_WARN_RANGE_LOOP_ANALYSIS = YES;
				CLANG_WARN_STRICT_PROTOTYPES = YES;
				CLANG_WARN_SUSPICIOUS_MOVE = YES;
				CLANG_WARN_UNGUARDED_AVAILABILITY = YES_AGGRESSIVE;
				CLANG_WARN_UNREACHABLE_CODE = YES;
				CLANG_WARN__DUPLICATE_METHOD_MATCH = YES;
				COPY_PHASE_STRIP = NO;
				DEBUG_INFORMATION_FORMAT = "dwarf-with-dsym";
				ENABLE_NS_ASSERTIONS = NO;
				ENABLE_STRICT_OBJC_MSGSEND = YES;
				GCC_C_LANGUAGE_STANDARD = gnu11;
				GCC_NO_COMMON_BLOCKS = YES;
				GCC_WARN_64_TO_32_BIT_CONVERSION = YES;
				GCC_WARN_ABOUT_RETURN_TYPE = YES_ERROR;
				GCC_WARN_UNDECLARED_SELECTOR = YES;
				GCC_WARN_UNINITIALIZED_AUTOS = YES_AGGRESSIVE;
				GCC_WARN_UNUSED_FUNCTION = YES;
				GCC_WARN_UNUSED_VARIABLE = YES;
				IPHONEOS_DEPLOYMENT_TARGET = 16.0;
				MTL_ENABLE_DEBUG_INFO = NO;
				MTL_FAST_MATH = YES;
				SDKROOT = iphoneos;
				SWIFT_COMPILATION_MODE = wholemodule;
				SWIFT_OPTIMIZATION_LEVEL = "-O";
				VALIDATE_PRODUCT = YES;
			};
			name = Release;
		};
		8B31E70128E997F6005B36B2 /* Debug */ = {
			isa = XCBuildConfiguration;
			buildSettings = {
				ASSETCATALOG_COMPILER_APPICON_NAME = AppIcon;
				ASSETCATALOG_COMPILER_GLOBAL_ACCENT_COLOR_NAME = AccentColor;
				CODE_SIGN_STYLE = Automatic;
				CURRENT_PROJECT_VERSION = 1;
				DEVELOPMENT_TEAM = N8Q8QKH896;
				GENERATE_INFOPLIST_FILE = YES;
				INFOPLIST_FILE = LoginApp/App/Info.plist;
				INFOPLIST_KEY_UIApplicationSupportsIndirectInputEvents = YES;
				INFOPLIST_KEY_UILaunchStoryboardName = LaunchScreen;
				INFOPLIST_KEY_UIMainStoryboardFile = Main;
				INFOPLIST_KEY_UISupportedInterfaceOrientations_iPad = "UIInterfaceOrientationPortrait UIInterfaceOrientationPortraitUpsideDown UIInterfaceOrientationLandscapeLeft UIInterfaceOrientationLandscapeRight";
				INFOPLIST_KEY_UISupportedInterfaceOrientations_iPhone = "UIInterfaceOrientationPortrait UIInterfaceOrientationLandscapeLeft UIInterfaceOrientationLandscapeRight";
				IPHONEOS_DEPLOYMENT_TARGET = 15.5;
				LD_RUNPATH_SEARCH_PATHS = (
					"$(inherited)",
					"@executable_path/Frameworks",
				);
				MARKETING_VERSION = 1.0;
				PRODUCT_BUNDLE_IDENTIFIER = pptichka.LoginApp;
				PRODUCT_NAME = "$(TARGET_NAME)";
				SUPPORTED_PLATFORMS = "iphoneos iphonesimulator";
				SUPPORTS_MACCATALYST = NO;
				SUPPORTS_MAC_DESIGNED_FOR_IPHONE_IPAD = NO;
				SWIFT_EMIT_LOC_STRINGS = YES;
				SWIFT_VERSION = 5.0;
				TARGETED_DEVICE_FAMILY = 1;
			};
			name = Debug;
		};
		8B31E70228E997F6005B36B2 /* Release */ = {
			isa = XCBuildConfiguration;
			buildSettings = {
				ASSETCATALOG_COMPILER_APPICON_NAME = AppIcon;
				ASSETCATALOG_COMPILER_GLOBAL_ACCENT_COLOR_NAME = AccentColor;
				CODE_SIGN_STYLE = Automatic;
				CURRENT_PROJECT_VERSION = 1;
				DEVELOPMENT_TEAM = N8Q8QKH896;
				GENERATE_INFOPLIST_FILE = YES;
				INFOPLIST_FILE = LoginApp/App/Info.plist;
				INFOPLIST_KEY_UIApplicationSupportsIndirectInputEvents = YES;
				INFOPLIST_KEY_UILaunchStoryboardName = LaunchScreen;
				INFOPLIST_KEY_UIMainStoryboardFile = Main;
				INFOPLIST_KEY_UISupportedInterfaceOrientations_iPad = "UIInterfaceOrientationPortrait UIInterfaceOrientationPortraitUpsideDown UIInterfaceOrientationLandscapeLeft UIInterfaceOrientationLandscapeRight";
				INFOPLIST_KEY_UISupportedInterfaceOrientations_iPhone = "UIInterfaceOrientationPortrait UIInterfaceOrientationLandscapeLeft UIInterfaceOrientationLandscapeRight";
				IPHONEOS_DEPLOYMENT_TARGET = 15.5;
				LD_RUNPATH_SEARCH_PATHS = (
					"$(inherited)",
					"@executable_path/Frameworks",
				);
				MARKETING_VERSION = 1.0;
				PRODUCT_BUNDLE_IDENTIFIER = pptichka.LoginApp;
				PRODUCT_NAME = "$(TARGET_NAME)";
				SUPPORTED_PLATFORMS = "iphoneos iphonesimulator";
				SUPPORTS_MACCATALYST = NO;
				SUPPORTS_MAC_DESIGNED_FOR_IPHONE_IPAD = NO;
				SWIFT_EMIT_LOC_STRINGS = YES;
				SWIFT_VERSION = 5.0;
				TARGETED_DEVICE_FAMILY = 1;
			};
			name = Release;
		};
/* End XCBuildConfiguration section */

/* Begin XCConfigurationList section */
		8B31E6E728E997F5005B36B2 /* Build configuration list for PBXProject "LoginApp" */ = {
			isa = XCConfigurationList;
			buildConfigurations = (
				8B31E6FE28E997F6005B36B2 /* Debug */,
				8B31E6FF28E997F6005B36B2 /* Release */,
			);
			defaultConfigurationIsVisible = 0;
			defaultConfigurationName = Release;
		};
		8B31E70028E997F6005B36B2 /* Build configuration list for PBXNativeTarget "LoginApp" */ = {
			isa = XCConfigurationList;
			buildConfigurations = (
				8B31E70128E997F6005B36B2 /* Debug */,
				8B31E70228E997F6005B36B2 /* Release */,
			);
			defaultConfigurationIsVisible = 0;
			defaultConfigurationName = Release;
		};
/* End XCConfigurationList section */
	};
	rootObject = 8B31E6E428E997F5005B36B2 /* Project object */;
}
